Microsoft Visual Studio Solution File, Format Version 12.00
# Visual Studio Version 17
VisualStudioVersion = 17.5.2.0
MinimumVisualStudioVersion = 10.0.40219.1
Project("{2150E333-8FDC-42A3-9474-1A3956D46DE8}") = "Interface_CSharp", "Interface_CSharp", "{F8A8B06E-908A-D382-D5BD-428E9C0EF60D}"
EndProject
Project("{FAE04EC0-301F-11D3-BF4B-00C04F79EFBC}") = "myProject", "Interface_CSharp\myProject.csproj", "{31316A43-6B72-5997-D7E5-EDD4AAECADE9}"
EndProject
Project("{FAE04EC0-301F-11D3-BF4B-00C04F79EFBC}") = "Interface_simulation", "Interface_simulation\Interface_simulation.csproj", "{FED2EC3D-5219-47E7-9024-547E26E2ED96}"
EndProject
Project("{2150E333-8FDC-42A3-9474-1A3956D46DE8}") = "Generic", "Generic", "{02EA681E-C7D8-13C7-8484-4AC65E1B71E8}"
EndProject
Project("{FAE04EC0-301F-11D3-BF4B-00C04F79EFBC}") = "Non-generic practice with C#", "Non-generic practice with C#\Non-generic practice with C#.csproj", "{B19C9FF6-ABFF-4235-8F0B-CCAD1C24008C}"
EndProject
Project("{FAE04EC0-301F-11D3-BF4B-00C04F79EFBC}") = "Generic_Collection", "Generic_Collection\Generic_Collection.csproj", "{29494103-6C2B-46C1-AA2F-5F7AB2086E76}"
EndProject
Global
	GlobalSection(SolutionConfigurationPlatforms) = preSolution
		Debug|Any CPU = Debug|Any CPU
		Release|Any CPU = Release|Any CPU
	EndGlobalSection
	GlobalSection(ProjectConfigurationPlatforms) = postSolution
		{31316A43-6B72-5997-D7E5-EDD4AAECADE9}.Debug|Any CPU.ActiveCfg = Debug|Any CPU
		{31316A43-6B72-5997-D7E5-EDD4AAECADE9}.Debug|Any CPU.Build.0 = Debug|Any CPU
		{31316A43-6B72-5997-D7E5-EDD4AAECADE9}.Release|Any CPU.ActiveCfg = Release|Any CPU
		{31316A43-6B72-5997-D7E5-EDD4AAECADE9}.Release|Any CPU.Build.0 = Release|Any CPU
		{FED2EC3D-5219-47E7-9024-547E26E2ED96}.Debug|Any CPU.ActiveCfg = Debug|Any CPU
		{FED2EC3D-5219-47E7-9024-547E26E2ED96}.Debug|Any CPU.Build.0 = Debug|Any CPU
		{FED2EC3D-5219-47E7-9024-547E26E2ED96}.Release|Any CPU.ActiveCfg = Release|Any CPU
		{FED2EC3D-5219-47E7-9024-547E26E2ED96}.Release|Any CPU.Build.0 = Release|Any CPU
		{B19C9FF6-ABFF-4235-8F0B-CCAD1C24008C}.Debug|Any CPU.ActiveCfg = Debug|Any CPU
		{B19C9FF6-ABFF-4235-8F0B-CCAD1C24008C}.Debug|Any CPU.Build.0 = Debug|Any CPU
		{B19C9FF6-ABFF-4235-8F0B-CCAD1C24008C}.Release|Any CPU.ActiveCfg = Release|Any CPU
		{B19C9FF6-ABFF-4235-8F0B-CCAD1C24008C}.Release|Any CPU.Build.0 = Release|Any CPU
		{29494103-6C2B-46C1-AA2F-5F7AB2086E76}.Debug|Any CPU.ActiveCfg = Debug|Any CPU
		{29494103-6C2B-46C1-AA2F-5F7AB2086E76}.Debug|Any CPU.Build.0 = Debug|Any CPU
		{29494103-6C2B-46C1-AA2F-5F7AB2086E76}.Release|Any CPU.ActiveCfg = Release|Any CPU
		{29494103-6C2B-46C1-AA2F-5F7AB2086E76}.Release|Any CPU.Build.0 = Release|Any CPU
	EndGlobalSection
	GlobalSection(SolutionProperties) = preSolution
		HideSolutionNode = FALSE
	EndGlobalSection
	GlobalSection(NestedProjects) = preSolution
		{31316A43-6B72-5997-D7E5-EDD4AAECADE9} = {F8A8B06E-908A-D382-D5BD-428E9C0EF60D}
		{FED2EC3D-5219-47E7-9024-547E26E2ED96} = {F8A8B06E-908A-D382-D5BD-428E9C0EF60D}
		{B19C9FF6-ABFF-4235-8F0B-CCAD1C24008C} = {02EA681E-C7D8-13C7-8484-4AC65E1B71E8}
		{29494103-6C2B-46C1-AA2F-5F7AB2086E76} = {02EA681E-C7D8-13C7-8484-4AC65E1B71E8}
	EndGlobalSection
	GlobalSection(ExtensibilityGlobals) = postSolution
		SolutionGuid = {69A4B32F-E342-4688-9ECB-6B90BEEB3287}
	EndGlobalSection
EndGlobal
